<?xml version="1.0" encoding="utf-8"?>
<Project ToolsVersion="4.0" xmlns="http://schemas.microsoft.com/developer/msbuild/2003">
  <ItemGroup>
    <Filter Include="Source Files">
      <UniqueIdentifier>{4FC737F1-C7A5-4376-A066-2A32D752A2FF}</UniqueIdentifier>
      <Extensions>cpp;c;cc;cxx;def;odl;idl;hpj;bat;asm;asmx</Extensions>
    </Filter>
    <Filter Include="Header Files">
      <UniqueIdentifier>{93995380-89BD-4b04-88EB-625FBE52EBFB}</UniqueIdentifier>
      <Extensions>h;hpp;hxx;hm;inl;inc;xsd</Extensions>
    </Filter>
    <Filter Include="Resource Files">
      <UniqueIdentifier>{67DA6AB6-F800-4c08-8B7A-83BB121AAD01}</UniqueIdentifier>
      <Extensions>rc;ico;cur;bmp;dlg;rc2;rct;bin;rgs;gif;jpg;jpeg;jpe;resx;tiff;tif;png;wav;mfcribbon-ms</Extensions>
    </Filter>
  </ItemGroup>
  <ItemGroup>
    <ClCompile Include="src\Main.cpp">
      <Filter>Source Files</Filter>
    </ClCompile>
    <ClCompile Include="src\Framework\Kernel\Kernel.cpp">
      <Filter>Source Files</Filter>
    </ClCompile>
    <ClCompile Include="src\Framework\Platform\Platform.cpp">
      <Filter>Source Files</Filter>
    </ClCompile>
    <ClCompile Include="src\Game\GameApplication.cpp">
      <Filter>Source Files</Filter>
    </ClCompile>
    <ClCompile Include="src\Platform\Windows\WindowsPlatform.cpp">
      <Filter>Source Files</Filter>
    </ClCompile>
    <ClCompile Include="src\Framework\EventManager\Event.cpp">
      <Filter>Source Files</Filter>
    </ClCompile>
    <ClCompile Include="src\Framework\EventManager\EventManager.cpp">
      <Filter>Source Files</Filter>
    </ClCompile>
    <ClCompile Include="src\Framework\Math\Vector3.cpp">
      <Filter>Source Files</Filter>
    </ClCompile>
    <ClCompile Include="src\Framework\Math\Matrix4.cpp">
      <Filter>Source Files</Filter>
    </ClCompile>
    <ClCompile Include="src\Platform\Windows\Renderer\DirectXRenderer.cpp">
      <Filter>Source Files</Filter>
    </ClCompile>
    <ClCompile Include="src\Framework\Renderer\Renderer.cpp">
      <Filter>Source Files</Filter>
    </ClCompile>
    <ClCompile Include="src\Platform\Windows\Utilities\TimerWindows.cpp">
      <Filter>Source Files</Filter>
    </ClCompile>
    <ClCompile Include="src\Framework\Utilities\Timer.cpp">
      <Filter>Source Files</Filter>
    </ClCompile>
    <ClCompile Include="src\Platform\Windows\Input\D3dKeyboard.cpp">
      <Filter>Source Files</Filter>
    </ClCompile>
    <ClCompile Include="src\Framework\Input\Keyboard.cpp">
      <Filter>Source Files</Filter>
    </ClCompile>
    <ClCompile Include="src\Framework\Input\InputManager.cpp">
      <Filter>Source Files</Filter>
    </ClCompile>
    <ClCompile Include="src\Platform\Windows\Renderer\Texture\TextureD3D.cpp">
      <Filter>Source Files</Filter>
    </ClCompile>
    <ClCompile Include="src\Framework\Renderer\Texture\Texture.cpp">
      <Filter>Source Files</Filter>
    </ClCompile>
    <ClCompile Include="src\Framework\Renderer\Texture\TextureManager.cpp">
      <Filter>Source Files</Filter>
    </ClCompile>
    <ClCompile Include="src\Platform\Windows\Renderer\Sprite\SpriteD3D.cpp">
      <Filter>Source Files</Filter>
    </ClCompile>
    <ClCompile Include="src\Framework\Renderer\Sprite\Sprite.cpp">
      <Filter>Source Files</Filter>
    </ClCompile>
    <ClCompile Include="src\Framework\Renderer\Sprite\SpriteManager.cpp">
      <Filter>Source Files</Filter>
    </ClCompile>
    <ClCompile Include="src\Framework\Renderer\Sprite\SpriteAnimation.cpp">
      <Filter>Source Files</Filter>
    </ClCompile>
    <ClCompile Include="src\Framework\GameObjects\GameObject.cpp">
      <Filter>Source Files</Filter>
    </ClCompile>
    <ClCompile Include="src\Framework\Math\Transform.cpp">
      <Filter>Source Files</Filter>
    </ClCompile>
    <ClCompile Include="src\Framework\GameObjects\Components\TransformComponent.cpp">
      <Filter>Source Files</Filter>
    </ClCompile>
    <ClCompile Include="src\Framework\GameObjects\Components\MovementComponent.cpp">
      <Filter>Source Files</Filter>
    </ClCompile>
    <ClCompile Include="src\Framework\GameObjects\Components\SpriteAnimationComponent.cpp">
      <Filter>Source Files</Filter>
    </ClCompile>
    <ClCompile Include="src\Framework\Collision\CollisionGroup.cpp">
      <Filter>Source Files</Filter>
    </ClCompile>
    <ClCompile Include="src\Framework\Collision\CollisionManager.cpp">
      <Filter>Source Files</Filter>
    </ClCompile>
    <ClCompile Include="src\Framework\GameObjects\Components\ColliderComponent.cpp">
      <Filter>Source Files</Filter>
    </ClCompile>
    <ClCompile Include="src\Framework\Collision\Colliders\AABBCollider.cpp">
      <Filter>Source Files</Filter>
    </ClCompile>
    <ClCompile Include="src\Framework\Collision\Colliders\PointCollider.cpp">
      <Filter>Source Files</Filter>
    </ClCompile>
    <ClCompile Include="src\Game\GameTask.cpp">
      <Filter>Source Files</Filter>
    </ClCompile>
    <ClCompile Include="src\Game\Scenes\MainMenu.cpp">
      <Filter>Source Files</Filter>
    </ClCompile>
  </ItemGroup>
  <ItemGroup>
    <ClInclude Include="src\Framework\Kernel\Kernel.h">
      <Filter>Header Files</Filter>
    </ClInclude>
    <ClInclude Include="src\Framework\Kernel\Task.h">
      <Filter>Header Files</Filter>
    </ClInclude>
    <ClInclude Include="src\Framework\Platform\iPlatform.h">
      <Filter>Header Files</Filter>
    </ClInclude>
    <ClInclude Include="src\Framework\Platform\Platform.h">
      <Filter>Header Files</Filter>
    </ClInclude>
    <ClInclude Include="src\Framework\Wrapper.h">
      <Filter>Header Files</Filter>
    </ClInclude>
    <ClInclude Include="src\Framework\Utilities\Singleton.h">
      <Filter>Header Files</Filter>
    </ClInclude>
    <ClInclude Include="src\Framework\Application\Application.h">
      <Filter>Header Files</Filter>
    </ClInclude>
    <ClInclude Include="src\Game\GameApplication.h">
      <Filter>Header Files</Filter>
    </ClInclude>
    <ClInclude Include="src\Platform\Windows\WindowsPlatform.h">
      <Filter>Header Files</Filter>
    </ClInclude>
    <ClInclude Include="src\Framework\EventManager\Event.h">
      <Filter>Header Files</Filter>
    </ClInclude>
    <ClInclude Include="src\Framework\EventManager\EventManager.h">
      <Filter>Header Files</Filter>
    </ClInclude>
    <ClInclude Include="src\Framework\EventManager\EventId.h">
      <Filter>Header Files</Filter>
    </ClInclude>
    <ClInclude Include="src\Framework\EventManager\EventHandler.h">
      <Filter>Header Files</Filter>
    </ClInclude>
    <ClInclude Include="src\Framework\Math\Vector3.h">
      <Filter>Header Files</Filter>
    </ClInclude>
    <ClInclude Include="src\Framework\Math\Matrix4.h">
      <Filter>Header Files</Filter>
    </ClInclude>
    <ClInclude Include="src\Framework\Utilities\Color.h">
      <Filter>Header Files</Filter>
    </ClInclude>
    <ClInclude Include="src\Framework\Renderer\iRenderer.h">
      <Filter>Header Files</Filter>
    </ClInclude>
    <ClInclude Include="src\Platform\Windows\Renderer\DirectXRenderer.h">
      <Filter>Header Files</Filter>
    </ClInclude>
    <ClInclude Include="src\Framework\Renderer\Renderer.h">
      <Filter>Header Files</Filter>
    </ClInclude>
    <ClInclude Include="src\Framework\Utilities\iTimer.h">
      <Filter>Header Files</Filter>
    </ClInclude>
    <ClInclude Include="src\Platform\Windows\Utilities\TimerWindows.h">
      <Filter>Header Files</Filter>
    </ClInclude>
    <ClInclude Include="src\Framework\Utilities\Timer.h">
      <Filter>Header Files</Filter>
    </ClInclude>
    <ClInclude Include="src\Framework\Input\InputManager.h">
      <Filter>Header Files</Filter>
    </ClInclude>
    <ClInclude Include="src\Framework\Input\InputObject.h">
      <Filter>Header Files</Filter>
    </ClInclude>
    <ClInclude Include="src\Framework\Input\Keyboard.h">
      <Filter>Header Files</Filter>
    </ClInclude>
    <ClInclude Include="src\Framework\Input\iKeyboard.h">
      <Filter>Header Files</Filter>
    </ClInclude>
    <ClInclude Include="src\Platform\Windows\Input\D3dKeyboard.h">
      <Filter>Header Files</Filter>
    </ClInclude>
    <ClInclude Include="src\Framework\Utilities\UnorderedMapContainer.h">
      <Filter>Header Files</Filter>
    </ClInclude>
    <ClInclude Include="src\Framework\Renderer\Texture\iTexture.h">
      <Filter>Header Files</Filter>
    </ClInclude>
    <ClInclude Include="src\Platform\Windows\Renderer\Texture\TextureD3D.h">
      <Filter>Header Files</Filter>
    </ClInclude>
    <ClInclude Include="src\Framework\Renderer\Texture\Texture.h">
      <Filter>Header Files</Filter>
    </ClInclude>
    <ClInclude Include="src\Framework\Renderer\Texture\TextureId.h">
      <Filter>Header Files</Filter>
    </ClInclude>
    <ClInclude Include="src\Framework\Renderer\Texture\TextureManager.h">
      <Filter>Header Files</Filter>
    </ClInclude>
    <ClInclude Include="src\Framework\Renderer\Sprite\iSprite.h">
      <Filter>Header Files</Filter>
    </ClInclude>
    <ClInclude Include="src\Platform\Windows\Renderer\Sprite\SpriteD3D.h">
      <Filter>Header Files</Filter>
    </ClInclude>
    <ClInclude Include="src\Framework\Renderer\Sprite\Sprite.h">
      <Filter>Header Files</Filter>
    </ClInclude>
    <ClInclude Include="src\Framework\Renderer\Sprite\SpriteId.h">
      <Filter>Header Files</Filter>
    </ClInclude>
    <ClInclude Include="src\Framework\Renderer\Sprite\SpriteManager.h">
      <Filter>Header Files</Filter>
    </ClInclude>
    <ClInclude Include="src\Framework\Renderer\Sprite\SpriteAnimation.h">
      <Filter>Header Files</Filter>
    </ClInclude>
    <ClInclude Include="src\Framework\GameObjects\GameObject.h">
      <Filter>Header Files</Filter>
    </ClInclude>
    <ClInclude Include="src\Framework\GameObjects\ComponentId.h">
      <Filter>Header Files</Filter>
    </ClInclude>
    <ClInclude Include="src\Framework\GameObjects\Component.h">
      <Filter>Header Files</Filter>
    </ClInclude>
    <ClInclude Include="src\Framework\Math\Transform.h">
      <Filter>Header Files</Filter>
    </ClInclude>
    <ClInclude Include="src\Framework\GameObjects\Components\TransformComponent.h">
      <Filter>Header Files</Filter>
    </ClInclude>
    <ClInclude Include="src\Framework\Utilities\Utils.h">
      <Filter>Header Files</Filter>
    </ClInclude>
    <ClInclude Include="src\Framework\GameObjects\Components\MovementComponent.h">
      <Filter>Header Files</Filter>
    </ClInclude>
    <ClInclude Include="src\Framework\GameObjects\Components\SpriteAnimationComponent.h">
      <Filter>Header Files</Filter>
    </ClInclude>
    <ClInclude Include="src\Framework\Collision\CollisionGroup.h">
      <Filter>Header Files</Filter>
    </ClInclude>
    <ClInclude Include="src\Framework\Collision\CollisionManager.h">
      <Filter>Header Files</Filter>
    </ClInclude>
    <ClInclude Include="src\Framework\GameObjects\Components\ColliderComponent.h">
      <Filter>Header Files</Filter>
    </ClInclude>
    <ClInclude Include="src\Framework\Collision\CollisionGroupId.h">
      <Filter>Header Files</Filter>
    </ClInclude>
    <ClInclude Include="src\Framework\Collision\Colliders\Collider.h">
      <Filter>Header Files</Filter>
    </ClInclude>
    <ClInclude Include="src\Framework\Collision\Colliders\AABBCollider.h">
      <Filter>Header Files</Filter>
    </ClInclude>
    <ClInclude Include="src\Framework\Collision\Colliders\PointCollider.h">
      <Filter>Header Files</Filter>
    </ClInclude>
    <ClInclude Include="src\Framework\EventManager\EventData.h">
      <Filter>Header Files</Filter>
    </ClInclude>
    <ClInclude Include="src\Game\GameTask.h">
      <Filter>Header Files</Filter>
    </ClInclude>
    <ClInclude Include="src\Framework\Scene\iScene.h">
      <Filter>Header Files</Filter>
    </ClInclude>
    <ClInclude Include="src\Game\Scenes\MainMenu.h">
      <Filter>Header Files</Filter>
    </ClInclude>
    <ClInclude Include="src\Game\Ids\EventIds.h">
      <Filter>Header Files</Filter>
    </ClInclude>
    <ClInclude Include="src\Game\Ids\TextureIds.h">
      <Filter>Header Files</Filter>
    </ClInclude>
    <ClInclude Include="src\Game\Ids\SpriteIds.h">
      <Filter>Header Files</Filter>
    </ClInclude>
    <ClInclude Include="src\Framework\Utilities\PoolAllocator.h">
      <Filter>Header Files</Filter>
    </ClInclude>
    <ClInclude Include="src\Framework\Utilities\Functors.h">
      <Filter>Header Files</Filter>
    </ClInclude>
    <ClInclude Include="src\Framework\Utilities\PoolObject.h">
      <Filter>Header Files</Filter>
    </ClInclude>
  </ItemGroup>
  <ItemGroup>
    <Image Include="bin\data\textures\sample.png">
      <Filter>Resource Files</Filter>
    </Image>
    <Image Include="data\textures\sample.png">
      <Filter>Resource Files</Filter>
    </Image>
    <Image Include="data\textures\main_menu_sprite_sheet.png">
      <Filter>Resource Files</Filter>
    </Image>
  </ItemGroup>
</Project>